
Microsoft Visual Studio Solution File, Format Version 11.00
# Visual Studio 2010
Project("{FAE04EC0-301F-11D3-BF4B-00C04F79EFBC}") = "RustyBlade", "Assembly-CSharp.csproj", "{22935EE9-CEC7-D3A5-71C9-E15787DB7040}"
EndProject
Project("{FAE04EC0-301F-11D3-BF4B-00C04F79EFBC}") = "RustyBlade", "Assembly-CSharp-Editor.csproj", "{8DF5AC32-55D6-8CF6-7ED5-8DC47CF713A1}"
EndProject
Global
	GlobalSection(SolutionConfigurationPlatforms) = preSolution
		Debug|Any CPU = Debug|Any CPU
		Release|Any CPU = Release|Any CPU
	EndGlobalSection
	GlobalSection(ProjectConfigurationPlatforms) = postSolution
		{22935EE9-CEC7-D3A5-71C9-E15787DB7040}.Debug|Any CPU.ActiveCfg = Debug|Any CPU
		{22935EE9-CEC7-D3A5-71C9-E15787DB7040}.Debug|Any CPU.Build.0 = Debug|Any CPU
		{22935EE9-CEC7-D3A5-71C9-E15787DB7040}.Release|Any CPU.ActiveCfg = Release|Any CPU
		{22935EE9-CEC7-D3A5-71C9-E15787DB7040}.Release|Any CPU.Build.0 = Release|Any CPU
		{8DF5AC32-55D6-8CF6-7ED5-8DC47CF713A1}.Debug|Any CPU.ActiveCfg = Debug|Any CPU
		{8DF5AC32-55D6-8CF6-7ED5-8DC47CF713A1}.Debug|Any CPU.Build.0 = Debug|Any CPU
		{8DF5AC32-55D6-8CF6-7ED5-8DC47CF713A1}.Release|Any CPU.ActiveCfg = Release|Any CPU
		{8DF5AC32-55D6-8CF6-7ED5-8DC47CF713A1}.Release|Any CPU.Build.0 = Release|Any CPU
	EndGlobalSection
	GlobalSection(SolutionProperties) = preSolution
		HideSolutionNode = FALSE
	EndGlobalSection
	GlobalSection(MonoDevelopProperties) = preSolution
		StartupItem = Assembly-CSharp.csproj
	EndGlobalSection
EndGlobal
